
Microsoft Visual Studio Solution File, Format Version 12.00
# Visual Studio 15
VisualStudioVersion = 15.0.27703.2035
MinimumVisualStudioVersion = 10.0.40219.1
Project("{FAE04EC0-301F-11D3-BF4B-00C04F79EFBC}") = "World Data", "World Data\World Data.csproj", "{9E9DAF96-F44E-4F69-BED8-E44BAED6E4DA}"
EndProject
Global
	GlobalSection(SolutionConfigurationPlatforms) = preSolution
		Debug|Any CPU = Debug|Any CPU
		Release|Any CPU = Release|Any CPU
	EndGlobalSection
	GlobalSection(ProjectConfigurationPlatforms) = postSolution
		{9E9DAF96-F44E-4F69-BED8-E44BAED6E4DA}.Debug|Any CPU.ActiveCfg = Debug|Any CPU
		{9E9DAF96-F44E-4F69-BED8-E44BAED6E4DA}.Debug|Any CPU.Build.0 = Debug|Any CPU
		{9E9DAF96-F44E-4F69-BED8-E44BAED6E4DA}.Release|Any CPU.ActiveCfg = Release|Any CPU
		{9E9DAF96-F44E-4F69-BED8-E44BAED6E4DA}.Release|Any CPU.Build.0 = Release|Any CPU
	EndGlobalSection
	GlobalSection(SolutionProperties) = preSolution
		HideSolutionNode = FALSE
	EndGlobalSection
	GlobalSection(ExtensibilityGlobals) = postSolution
		SolutionGuid = {3DCCDEA0-033D-4FCB-9ACA-C19073367594}
	EndGlobalSection
EndGlobal
